
Microsoft Visual Studio Solution File, Format Version 12.00
# Visual Studio 2013
VisualStudioVersion = 12.0.21005.1
MinimumVisualStudioVersion = 10.0.40219.1
Project("{FAE04EC0-301F-11D3-BF4B-00C04F79EFBC}") = "01.SchoolClasses", "SchoolClasses\01.SchoolClasses.csproj", "{51F6FC01-E667-4FE9-B306-D2733EA1666C}"
EndProject
Project("{FAE04EC0-301F-11D3-BF4B-00C04F79EFBC}") = "02.StudentsAndWorkers", "StudentsAndWorkers\02.StudentsAndWorkers.csproj", "{9CC944EE-A87F-49B9-8704-2BD558246213}"
EndProject
Project("{FAE04EC0-301F-11D3-BF4B-00C04F79EFBC}") = "03.AnimalHierarchy", "AnimalHierarchy\03.AnimalHierarchy.csproj", "{7691D52E-C62F-4936-9760-044F9A4AFA50}"
EndProject
Global
	GlobalSection(SolutionConfigurationPlatforms) = preSolution
		Debug|Any CPU = Debug|Any CPU
		Release|Any CPU = Release|Any CPU
	EndGlobalSection
	GlobalSection(ProjectConfigurationPlatforms) = postSolution
		{51F6FC01-E667-4FE9-B306-D2733EA1666C}.Debug|Any CPU.ActiveCfg = Debug|Any CPU
		{51F6FC01-E667-4FE9-B306-D2733EA1666C}.Debug|Any CPU.Build.0 = Debug|Any CPU
		{51F6FC01-E667-4FE9-B306-D2733EA1666C}.Release|Any CPU.ActiveCfg = Release|Any CPU
		{51F6FC01-E667-4FE9-B306-D2733EA1666C}.Release|Any CPU.Build.0 = Release|Any CPU
		{9CC944EE-A87F-49B9-8704-2BD558246213}.Debug|Any CPU.ActiveCfg = Debug|Any CPU
		{9CC944EE-A87F-49B9-8704-2BD558246213}.Debug|Any CPU.Build.0 = Debug|Any CPU
		{9CC944EE-A87F-49B9-8704-2BD558246213}.Release|Any CPU.ActiveCfg = Release|Any CPU
		{9CC944EE-A87F-49B9-8704-2BD558246213}.Release|Any CPU.Build.0 = Release|Any CPU
		{7691D52E-C62F-4936-9760-044F9A4AFA50}.Debug|Any CPU.ActiveCfg = Debug|Any CPU
		{7691D52E-C62F-4936-9760-044F9A4AFA50}.Debug|Any CPU.Build.0 = Debug|Any CPU
		{7691D52E-C62F-4936-9760-044F9A4AFA50}.Release|Any CPU.ActiveCfg = Release|Any CPU
		{7691D52E-C62F-4936-9760-044F9A4AFA50}.Release|Any CPU.Build.0 = Release|Any CPU
	EndGlobalSection
	GlobalSection(SolutionProperties) = preSolution
		HideSolutionNode = FALSE
	EndGlobalSection
EndGlobal
